// !$*UTF8*$!
{
	archiveVersion = 1;
	classes = {
	};
	objectVersion = 46;
	objects = {

/* Begin PBXBuildFile section */
		3C69B145147919FE00D10FFD /* UIKit.framework in Frameworks */ = {isa = PBXBuildFile; fileRef = 3C69B144147919FE00D10FFD /* UIKit.framework */; };
		3C69B147147919FE00D10FFD /* Foundation.framework in Frameworks */ = {isa = PBXBuildFile; fileRef = 3C69B146147919FE00D10FFD /* Foundation.framework */; };
		3C69B149147919FE00D10FFD /* CoreGraphics.framework in Frameworks */ = {isa = PBXBuildFile; fileRef = 3C69B148147919FE00D10FFD /* CoreGraphics.framework */; };
		3C69B14F147919FE00D10FFD /* InfoPlist.strings in Resources */ = {isa = PBXBuildFile; fileRef = 3C69B14D147919FE00D10FFD /* InfoPlist.strings */; };
		3C69B151147919FE00D10FFD /* main.m in Sources */ = {isa = PBXBuildFile; fileRef = 3C69B150147919FE00D10FFD /* main.m */; };
		3C69B155147919FE00D10FFD /* CSAppDelegate.m in Sources */ = {isa = PBXBuildFile; fileRef = 3C69B154147919FE00D10FFD /* CSAppDelegate.m */; };
		3C69B15D147919FE00D10FFD /* SenTestingKit.framework in Frameworks */ = {isa = PBXBuildFile; fileRef = 3C69B15C147919FE00D10FFD /* SenTestingKit.framework */; };
		3C69B15E147919FE00D10FFD /* UIKit.framework in Frameworks */ = {isa = PBXBuildFile; fileRef = 3C69B144147919FE00D10FFD /* UIKit.framework */; };
		3C69B15F147919FE00D10FFD /* Foundation.framework in Frameworks */ = {isa = PBXBuildFile; fileRef = 3C69B146147919FE00D10FFD /* Foundation.framework */; };
		3C69B167147919FE00D10FFD /* InfoPlist.strings in Resources */ = {isa = PBXBuildFile; fileRef = 3C69B165147919FE00D10FFD /* InfoPlist.strings */; };
		3C69B16A147919FE00D10FFD /* CrmServisPrototypeTests.m in Sources */ = {isa = PBXBuildFile; fileRef = 3C69B169147919FE00D10FFD /* CrmServisPrototypeTests.m */; };
/* End PBXBuildFile section */

/* Begin PBXContainerItemProxy section */
		3C69B160147919FE00D10FFD /* PBXContainerItemProxy */ = {
			isa = PBXContainerItemProxy;
			containerPortal = 3C69B137147919FE00D10FFD /* Project object */;
			proxyType = 1;
			remoteGlobalIDString = 3C69B13F147919FE00D10FFD;
			remoteInfo = CrmServisPrototype;
		};
/* End PBXContainerItemProxy section */

/* Begin PBXFileReference section */
		3C69B140147919FE00D10FFD /* CrmServisPrototype.app */ = {isa = PBXFileReference; explicitFileType = wrapper.application; includeInIndex = 0; path = CrmServisPrototype.app; sourceTree = BUILT_PRODUCTS_DIR; };
		3C69B144147919FE00D10FFD /* UIKit.framework */ = {isa = PBXFileReference; lastKnownFileType = wrapper.framework; name = UIKit.framework; path = System/Library/Frameworks/UIKit.framework; sourceTree = SDKROOT; };
		3C69B146147919FE00D10FFD /* Foundation.framework */ = {isa = PBXFileReference; lastKnownFileType = wrapper.framework; name = Foundation.framework; path = System/Library/Frameworks/Foundation.framework; sourceTree = SDKROOT; };
		3C69B148147919FE00D10FFD /* CoreGraphics.framework */ = {isa = PBXFileReference; lastKnownFileType = wrapper.framework; name = CoreGraphics.framework; path = System/Library/Frameworks/CoreGraphics.framework; sourceTree = SDKROOT; };
		3C69B14C147919FE00D10FFD /* CrmServisPrototype-Info.plist */ = {isa = PBXFileReference; path = "CrmServisPrototype-Info.plist"; sourceTree = "<group>"; };
		3C69B14E147919FE00D10FFD /* en */ = {isa = PBXFileReference; lastKnownFileType = text.plist.strings; name = en; path = en.lproj/InfoPlist.strings; sourceTree = "<group>"; };
		3C69B150147919FE00D10FFD /* main.m */ = {isa = PBXFileReference; lastKnownFileType = sourcecode.c.objc; path = main.m; sourceTree = "<group>"; };
		3C69B152147919FE00D10FFD /* CrmServisPrototype-Prefix.pch */ = {isa = PBXFileReference; path = "CrmServisPrototype-Prefix.pch"; sourceTree = "<group>"; };
		3C69B153147919FE00D10FFD /* CSAppDelegate.h */ = {isa = PBXFileReference; path = CSAppDelegate.h; sourceTree = "<group>"; };
		3C69B154147919FE00D10FFD /* CSAppDelegate.m */ = {isa = PBXFileReference; lastKnownFileType = sourcecode.c.objc; path = CSAppDelegate.m; sourceTree = "<group>"; };
		3C69B15B147919FE00D10FFD /* CrmServisPrototypeTests.octest */ = {isa = PBXFileReference; explicitFileType = wrapper.cfbundle; includeInIndex = 0; path = CrmServisPrototypeTests.octest; sourceTree = BUILT_PRODUCTS_DIR; };
		3C69B15C147919FE00D10FFD /* SenTestingKit.framework */ = {isa = PBXFileReference; lastKnownFileType = wrapper.framework; name = SenTestingKit.framework; path = Library/Frameworks/SenTestingKit.framework; sourceTree = DEVELOPER_DIR; };
		3C69B164147919FE00D10FFD /* CrmServisPrototypeTests-Info.plist */ = {isa = PBXFileReference; path = "CrmServisPrototypeTests-Info.plist"; sourceTree = "<group>"; };
		3C69B166147919FE00D10FFD /* en */ = {isa = PBXFileReference; lastKnownFileType = text.plist.strings; name = en; path = en.lproj/InfoPlist.strings; sourceTree = "<group>"; };
		3C69B168147919FE00D10FFD /* CrmServisPrototypeTests.h */ = {isa = PBXFileReference; path = CrmServisPrototypeTests.h; sourceTree = "<group>"; };
		3C69B169147919FE00D10FFD /* CrmServisPrototypeTests.m */ = {isa = PBXFileReference; lastKnownFileType = sourcecode.c.objc; path = CrmServisPrototypeTests.m; sourceTree = "<group>"; };
/* End PBXFileReference section */

/* Begin PBXFrameworksBuildPhase section */
		3C69B13D147919FE00D10FFD /* Frameworks */ = {
			isa = PBXFrameworksBuildPhase;
			buildActionMask = 2147483647;
			files = (
				3C69B145147919FE00D10FFD /* UIKit.framework in Frameworks */,
				3C69B147147919FE00D10FFD /* Foundation.framework in Frameworks */,
				3C69B149147919FE00D10FFD /* CoreGraphics.framework in Frameworks */,
			);
			runOnlyForDeploymentPostprocessing = 0;
		};
		3C69B157147919FE00D10FFD /* Frameworks */ = {
			isa = PBXFrameworksBuildPhase;
			buildActionMask = 2147483647;
			files = (
				3C69B15D147919FE00D10FFD /* SenTestingKit.framework in Frameworks */,
				3C69B15E147919FE00D10FFD /* UIKit.framework in Frameworks */,
				3C69B15F147919FE00D10FFD /* Foundation.framework in Frameworks */,
			);
			runOnlyForDeploymentPostprocessing = 0;
		};
/* End PBXFrameworksBuildPhase section */

/* Begin PBXGroup section */
		3C69B135147919FE00D10FFD = {
			isa = PBXGroup;
			children = (
				3C69B14A147919FE00D10FFD /* CrmServisPrototype */,
				3C69B162147919FE00D10FFD /* CrmServisPrototypeTests */,
				3C69B143147919FE00D10FFD /* Frameworks */,
				3C69B141147919FE00D10FFD /* Products */,
			);
			sourceTree = "<group>";
		};
		3C69B141147919FE00D10FFD /* Products */ = {
			isa = PBXGroup;
			children = (
				3C69B140147919FE00D10FFD /* CrmServisPrototype.app */,
				3C69B15B147919FE00D10FFD /* CrmServisPrototypeTests.octest */,
			);
			name = Products;
			sourceTree = "<group>";
		};
		3C69B143147919FE00D10FFD /* Frameworks */ = {
			isa = PBXGroup;
			children = (
				3C69B144147919FE00D10FFD /* UIKit.framework */,
				3C69B146147919FE00D10FFD /* Foundation.framework */,
				3C69B148147919FE00D10FFD /* CoreGraphics.framework */,
				3C69B15C147919FE00D10FFD /* SenTestingKit.framework */,
			);
			name = Frameworks;
			sourceTree = "<group>";
		};
		3C69B14A147919FE00D10FFD /* CrmServisPrototype */ = {
			isa = PBXGroup;
			children = (
				3C69B153147919FE00D10FFD /* CSAppDelegate.h */,
				3C69B154147919FE00D10FFD /* CSAppDelegate.m */,
				3C69B14B147919FE00D10FFD /* Supporting Files */,
			);
			path = CrmServisPrototype;
			sourceTree = "<group>";
		};
		3C69B14B147919FE00D10FFD /* Supporting Files */ = {
			isa = PBXGroup;
			children = (
				3C69B14C147919FE00D10FFD /* CrmServisPrototype-Info.plist */,
				3C69B14D147919FE00D10FFD /* InfoPlist.strings */,
				3C69B150147919FE00D10FFD /* main.m */,
				3C69B152147919FE00D10FFD /* CrmServisPrototype-Prefix.pch */,
			);
			name = "Supporting Files";
			sourceTree = "<group>";
		};
		3C69B162147919FE00D10FFD /* CrmServisPrototypeTests */ = {
			isa = PBXGroup;
			children = (
				3C69B168147919FE00D10FFD /* CrmServisPrototypeTests.h */,
				3C69B169147919FE00D10FFD /* CrmServisPrototypeTests.m */,
				3C69B163147919FE00D10FFD /* Supporting Files */,
			);
			path = CrmServisPrototypeTests;
			sourceTree = "<group>";
		};
		3C69B163147919FE00D10FFD /* Supporting Files */ = {
			isa = PBXGroup;
			children = (
				3C69B164147919FE00D10FFD /* CrmServisPrototypeTests-Info.plist */,
				3C69B165147919FE00D10FFD /* InfoPlist.strings */,
			);
			name = "Supporting Files";
			sourceTree = "<group>";
		};
/* End PBXGroup section */

/* Begin PBXNativeTarget section */
		3C69B13F147919FE00D10FFD /* CrmServisPrototype */ = {
			isa = PBXNativeTarget;
			buildConfigurationList = 3C69B16D147919FE00D10FFD /* Build configuration list for PBXNativeTarget "CrmServisPrototype" */;
			buildPhases = (
				3C69B13C147919FE00D10FFD /* Sources */,
				3C69B13D147919FE00D10FFD /* Frameworks */,
				3C69B13E147919FE00D10FFD /* Resources */,
			);
			buildRules = (
			);
			dependencies = (
			);
			name = CrmServisPrototype;
			productName = CrmServisPrototype;
			productReference = 3C69B140147919FE00D10FFD /* CrmServisPrototype.app */;
			productType = "com.apple.product-type.application";
		};
		3C69B15A147919FE00D10FFD /* CrmServisPrototypeTests */ = {
			isa = PBXNativeTarget;
			buildConfigurationList = 3C69B170147919FE00D10FFD /* Build configuration list for PBXNativeTarget "CrmServisPrototypeTests" */;
			buildPhases = (
				3C69B156147919FE00D10FFD /* Sources */,
				3C69B157147919FE00D10FFD /* Frameworks */,
				3C69B158147919FE00D10FFD /* Resources */,
				3C69B159147919FE00D10FFD /* ShellScript */,
			);
			buildRules = (
			);
			dependencies = (
				3C69B161147919FE00D10FFD /* PBXTargetDependency */,
			);
			name = CrmServisPrototypeTests;
			productName = CrmServisPrototypeTests;
			productReference = 3C69B15B147919FE00D10FFD /* CrmServisPrototypeTests.octest */;
			productType = "com.apple.product-type.bundle";
		};
/* End PBXNativeTarget section */

/* Begin PBXProject section */
		3C69B137147919FE00D10FFD /* Project object */ = {
			isa = PBXProject;
			attributes = {
				LastUpgradeCheck = 0420;
			};
			buildConfigurationList = 3C69B13A147919FE00D10FFD /* Build configuration list for PBXProject "CrmServisPrototype" */;
			compatibilityVersion = "Xcode 3.2";
			developmentRegion = English;
			hasScannedForEncodings = 0;
			knownRegions = (
				en,
			);
			mainGroup = 3C69B135147919FE00D10FFD;
			productRefGroup = 3C69B141147919FE00D10FFD /* Products */;
			projectDirPath = "";
			projectRoot = "";
			targets = (
				3C69B13F147919FE00D10FFD /* CrmServisPrototype */,
				3C69B15A147919FE00D10FFD /* CrmServisPrototypeTests */,
			);
		};
/* End PBXProject section */

/* Begin PBXResourcesBuildPhase section */
		3C69B13E147919FE00D10FFD /* Resources */ = {
			isa = PBXResourcesBuildPhase;
			buildActionMask = 2147483647;
			files = (
				3C69B14F147919FE00D10FFD /* InfoPlist.strings in Resources */,
			);
			runOnlyForDeploymentPostprocessing = 0;
		};
		3C69B158147919FE00D10FFD /* Resources */ = {
			isa = PBXResourcesBuildPhase;
			buildActionMask = 2147483647;
			files = (
				3C69B167147919FE00D10FFD /* InfoPlist.strings in Resources */,
			);
			runOnlyForDeploymentPostprocessing = 0;
		};
/* End PBXResourcesBuildPhase section */

/* Begin PBXShellScriptBuildPhase section */
		3C69B159147919FE00D10FFD /* ShellScript */ = {
			isa = PBXShellScriptBuildPhase;
			buildActionMask = 2147483647;
			files = (
			);
			inputPaths = (
			);
			outputPaths = (
			);
			runOnlyForDeploymentPostprocessing = 0;
			shellPath = /bin/sh;
			shellScript = "# Run the unit tests in this test bundle.\n\"${SYSTEM_DEVELOPER_DIR}/Tools/RunUnitTests\"\n";
		};
/* End PBXShellScriptBuildPhase section */

/* Begin PBXSourcesBuildPhase section */
		3C69B13C147919FE00D10FFD /* Sources */ = {
			isa = PBXSourcesBuildPhase;
			buildActionMask = 2147483647;
			files = (
				3C69B151147919FE00D10FFD /* main.m in Sources */,
				3C69B155147919FE00D10FFD /* CSAppDelegate.m in Sources */,
			);
			runOnlyForDeploymentPostprocessing = 0;
		};
		3C69B156147919FE00D10FFD /* Sources */ = {
			isa = PBXSourcesBuildPhase;
			buildActionMask = 2147483647;
			files = (
				3C69B16A147919FE00D10FFD /* CrmServisPrototypeTests.m in Sources */,
			);
			runOnlyForDeploymentPostprocessing = 0;
		};
/* End PBXSourcesBuildPhase section */

/* Begin PBXTargetDependency section */
		3C69B161147919FE00D10FFD /* PBXTargetDependency */ = {
			isa = PBXTargetDependency;
			target = 3C69B13F147919FE00D10FFD /* CrmServisPrototype */;
			targetProxy = 3C69B160147919FE00D10FFD /* PBXContainerItemProxy */;
		};
/* End PBXTargetDependency section */

/* Begin PBXVariantGroup section */
		3C69B14D147919FE00D10FFD /* InfoPlist.strings */ = {
			isa = PBXVariantGroup;
			children = (
				3C69B14E147919FE00D10FFD /* en */,
			);
			name = InfoPlist.strings;
			sourceTree = "<group>";
		};
		3C69B165147919FE00D10FFD /* InfoPlist.strings */ = {
			isa = PBXVariantGroup;
			children = (
				3C69B166147919FE00D10FFD /* en */,
			);
			name = InfoPlist.strings;
			sourceTree = "<group>";
		};
/* End PBXVariantGroup section */

/* Begin XCBuildConfiguration section */
		3C69B16B147919FE00D10FFD /* Debug */ = {
			isa = XCBuildConfiguration;
			buildSettings = {
				ALWAYS_SEARCH_USER_PATHS = NO;
				ARCHS = "$(ARCHS_STANDARD_32_BIT)";
				CLANG_ENABLE_OBJC_ARC = YES;
				"CODE_SIGN_IDENTITY[sdk=iphoneos*]" = "iPhone Developer";
				COPY_PHASE_STRIP = NO;
				GCC_C_LANGUAGE_STANDARD = gnu99;
				GCC_DYNAMIC_NO_PIC = NO;
				GCC_OPTIMIZATION_LEVEL = 0;
				GCC_PREPROCESSOR_DEFINITIONS = (
					"DEBUG=1",
					"$(inherited)",
				);
				GCC_SYMBOLS_PRIVATE_EXTERN = NO;
				GCC_VERSION = com.apple.compilers.llvm.clang.1_0;
				GCC_WARN_ABOUT_MISSING_PROTOTYPES = YES;
				GCC_WARN_ABOUT_RETURN_TYPE = YES;
				GCC_WARN_UNUSED_VARIABLE = YES;
				IPHONEOS_DEPLOYMENT_TARGET = 5.0;
				SDKROOT = iphoneos;
				TARGETED_DEVICE_FAMILY = "1,2";
			};
			name = Debug;
		};
		3C69B16C147919FE00D10FFD /* Release */ = {
			isa = XCBuildConfiguration;
			buildSettings = {
				ALWAYS_SEARCH_USER_PATHS = NO;
				ARCHS = "$(ARCHS_STANDARD_32_BIT)";
				CLANG_ENABLE_OBJC_ARC = YES;
				"CODE_SIGN_IDENTITY[sdk=iphoneos*]" = "iPhone Developer";
				COPY_PHASE_STRIP = YES;
				GCC_C_LANGUAGE_STANDARD = gnu99;
				GCC_VERSION = com.apple.compilers.llvm.clang.1_0;
				GCC_WARN_ABOUT_MISSING_PROTOTYPES = YES;
				GCC_WARN_ABOUT_RETURN_TYPE = YES;
				GCC_WARN_UNUSED_VARIABLE = YES;
				IPHONEOS_DEPLOYMENT_TARGET = 5.0;
				OTHER_CFLAGS = "-DNS_BLOCK_ASSERTIONS=1";
				SDKROOT = iphoneos;
				TARGETED_DEVICE_FAMILY = "1,2";
				VALIDATE_PRODUCT = YES;
			};
			name = Release;
		};
		3C69B16E147919FE00D10FFD /* Debug */ = {
			isa = XCBuildConfiguration;
			buildSettings = {
				GCC_PRECOMPILE_PREFIX_HEADER = YES;
				GCC_PREFIX_HEADER = "CrmServisPrototype/CrmServisPrototype-Prefix.pch";
				INFOPLIST_FILE = "CrmServisPrototype/CrmServisPrototype-Info.plist";
				PRODUCT_NAME = "$(TARGET_NAME)";
				WRAPPER_EXTENSION = app;
			};
			name = Debug;
		};
		3C69B16F147919FE00D10FFD /* Release */ = {
			isa = XCBuildConfiguration;
			buildSettings = {
				GCC_PRECOMPILE_PREFIX_HEADER = YES;
				GCC_PREFIX_HEADER = "CrmServisPrototype/CrmServisPrototype-Prefix.pch";
				INFOPLIST_FILE = "CrmServisPrototype/CrmServisPrototype-Info.plist";
				PRODUCT_NAME = "$(TARGET_NAME)";
				WRAPPER_EXTENSION = app;
			};
			name = Release;
		};
		3C69B171147919FE00D10FFD /* Debug */ = {
			isa = XCBuildConfiguration;
			buildSettings = {
				BUNDLE_LOADER = "$(BUILT_PRODUCTS_DIR)/CrmServisPrototype.app/CrmServisPrototype";
				FRAMEWORK_SEARCH_PATHS = (
					"$(SDKROOT)/Developer/Library/Frameworks",
					"$(DEVELOPER_LIBRARY_DIR)/Frameworks",
				);
				GCC_PRECOMPILE_PREFIX_HEADER = YES;
				GCC_PREFIX_HEADER = "CrmServisPrototype/CrmServisPrototype-Prefix.pch";
				INFOPLIST_FILE = "CrmServisPrototypeTests/CrmServisPrototypeTests-Info.plist";
				PRODUCT_NAME = "$(TARGET_NAME)";
				TEST_HOST = "$(BUNDLE_LOADER)";
				WRAPPER_EXTENSION = octest;
			};
			name = Debug;
		};
		3C69B172147919FE00D10FFD /* Release */ = {
			isa = XCBuildConfiguration;
			buildSettings = {
				BUNDLE_LOADER = "$(BUILT_PRODUCTS_DIR)/CrmServisPrototype.app/CrmServisPrototype";
				FRAMEWORK_SEARCH_PATHS = (
					"$(SDKROOT)/Developer/Library/Frameworks",
					"$(DEVELOPER_LIBRARY_DIR)/Frameworks",
				);
				GCC_PRECOMPILE_PREFIX_HEADER = YES;
				GCC_PREFIX_HEADER = "CrmServisPrototype/CrmServisPrototype-Prefix.pch";
				INFOPLIST_FILE = "CrmServisPrototypeTests/CrmServisPrototypeTests-Info.plist";
				PRODUCT_NAME = "$(TARGET_NAME)";
				TEST_HOST = "$(BUNDLE_LOADER)";
				WRAPPER_EXTENSION = octest;
			};
			name = Release;
		};
/* End XCBuildConfiguration section */

/* Begin XCConfigurationList section */
		3C69B13A147919FE00D10FFD /* Build configuration list for PBXProject "CrmServisPrototype" */ = {
			isa = XCConfigurationList;
			buildConfigurations = (
				3C69B16B147919FE00D10FFD /* Debug */,
				3C69B16C147919FE00D10FFD /* Release */,
			);
			defaultConfigurationIsVisible = 0;
			defaultConfigurationName = Release;
		};
		3C69B16D147919FE00D10FFD /* Build configuration list for PBXNativeTarget "CrmServisPrototype" */ = {
			isa = XCConfigurationList;
			buildConfigurations = (
				3C69B16E147919FE00D10FFD /* Debug */,
				3C69B16F147919FE00D10FFD /* Release */,
			);
			defaultConfigurationIsVisible = 0;
		};
		3C69B170147919FE00D10FFD /* Build configuration list for PBXNativeTarget "CrmServisPrototypeTests" */ = {
			isa = XCConfigurationList;
			buildConfigurations = (
				3C69B171147919FE00D10FFD /* Debug */,
				3C69B172147919FE00D10FFD /* Release */,
			);
			defaultConfigurationIsVisible = 0;
		};
/* End XCConfigurationList section */
	};
	rootObject = 3C69B137147919FE00D10FFD /* Project object */;
}
